
Microsoft Visual Studio Solution File, Format Version 12.00
Project("{FAE04EC0-301F-11D3-BF4B-00C04F79EFBC}") = "GSW2RH", "GSW2RH\GSW2RH.csproj", "{4800C22C-681B-4699-B5E6-B037326D22E0}"
EndProject
Project("{FAE04EC0-301F-11D3-BF4B-00C04F79EFBC}") = "Leopotam.Ecs", "leoecs\Leopotam.Ecs.csproj", "{AC2CA173-E1A9-4EBB-B738-9CAFEA6163C8}"
EndProject
Project("{FAE04EC0-301F-11D3-BF4B-00C04F79EFBC}") = "Weighted Randomizer", "weightrandom\Weighted Randomizer\Weighted Randomizer.csproj", "{1245BC96-2F42-404C-9F11-65A4326299D6}"
EndProject
Global
	GlobalSection(SolutionConfigurationPlatforms) = preSolution
		Debug|Any CPU = Debug|Any CPU
		Release|Any CPU = Release|Any CPU
	EndGlobalSection
	GlobalSection(ProjectConfigurationPlatforms) = postSolution
		{4800C22C-681B-4699-B5E6-B037326D22E0}.Debug|Any CPU.ActiveCfg = Debug|Any CPU
		{4800C22C-681B-4699-B5E6-B037326D22E0}.Debug|Any CPU.Build.0 = Debug|Any CPU
		{4800C22C-681B-4699-B5E6-B037326D22E0}.Release|Any CPU.ActiveCfg = Release|Any CPU
		{4800C22C-681B-4699-B5E6-B037326D22E0}.Release|Any CPU.Build.0 = Release|Any CPU
		{AC2CA173-E1A9-4EBB-B738-9CAFEA6163C8}.Debug|Any CPU.ActiveCfg = Debug|Any CPU
		{AC2CA173-E1A9-4EBB-B738-9CAFEA6163C8}.Debug|Any CPU.Build.0 = Debug|Any CPU
		{AC2CA173-E1A9-4EBB-B738-9CAFEA6163C8}.Release|Any CPU.ActiveCfg = Release|Any CPU
		{AC2CA173-E1A9-4EBB-B738-9CAFEA6163C8}.Release|Any CPU.Build.0 = Release|Any CPU
		{1245BC96-2F42-404C-9F11-65A4326299D6}.Debug|Any CPU.ActiveCfg = Debug|Any CPU
		{1245BC96-2F42-404C-9F11-65A4326299D6}.Debug|Any CPU.Build.0 = Debug|Any CPU
		{1245BC96-2F42-404C-9F11-65A4326299D6}.Release|Any CPU.ActiveCfg = Release|Any CPU
		{1245BC96-2F42-404C-9F11-65A4326299D6}.Release|Any CPU.Build.0 = Release|Any CPU
	EndGlobalSection
EndGlobal
